
Microsoft Visual Studio Solution File, Format Version 12.00
# Visual Studio Version 17
VisualStudioVersion = 17.4.33110.190
MinimumVisualStudioVersion = 10.0.40219.1
Project("{9A19103F-16F7-4668-BE54-9A1E7A4F7556}") = "Hub", "Hub\Hub.csproj", "{4FA8879B-1FE6-42D5-BE47-7B8183A79E3E}"
EndProject
Project("{9A19103F-16F7-4668-BE54-9A1E7A4F7556}") = "Client", "Client\Client.csproj", "{D56B8782-F0B7-4DE1-B117-A696099594B2}"
EndProject
Global
	GlobalSection(SolutionConfigurationPlatforms) = preSolution
		Debug|Any CPU = Debug|Any CPU
		Release|Any CPU = Release|Any CPU
	EndGlobalSection
	GlobalSection(ProjectConfigurationPlatforms) = postSolution
		{4FA8879B-1FE6-42D5-BE47-7B8183A79E3E}.Debug|Any CPU.ActiveCfg = Debug|Any CPU
		{4FA8879B-1FE6-42D5-BE47-7B8183A79E3E}.Debug|Any CPU.Build.0 = Debug|Any CPU
		{4FA8879B-1FE6-42D5-BE47-7B8183A79E3E}.Release|Any CPU.ActiveCfg = Release|Any CPU
		{4FA8879B-1FE6-42D5-BE47-7B8183A79E3E}.Release|Any CPU.Build.0 = Release|Any CPU
		{D56B8782-F0B7-4DE1-B117-A696099594B2}.Debug|Any CPU.ActiveCfg = Debug|Any CPU
		{D56B8782-F0B7-4DE1-B117-A696099594B2}.Debug|Any CPU.Build.0 = Debug|Any CPU
		{D56B8782-F0B7-4DE1-B117-A696099594B2}.Release|Any CPU.ActiveCfg = Release|Any CPU
		{D56B8782-F0B7-4DE1-B117-A696099594B2}.Release|Any CPU.Build.0 = Release|Any CPU
	EndGlobalSection
	GlobalSection(SolutionProperties) = preSolution
		HideSolutionNode = FALSE
	EndGlobalSection
	GlobalSection(ExtensibilityGlobals) = postSolution
		SolutionGuid = {A6414ABD-2907-48AC-9BE6-ECD26D42D69A}
	EndGlobalSection
EndGlobal
